// !$*UTF8*$!
{
	archiveVersion = 1;
	classes = {
	};
	objectVersion = 56;
	objects = {

/* Begin PBXBuildFile section */
		5C72C32A2C0F527E00005914 /* Hacker_NewsApp.swift in Sources */ = {isa = PBXBuildFile; fileRef = 5C72C3292C0F527E00005914 /* Hacker_NewsApp.swift */; };
		5C72C32C2C0F527E00005914 /* ContentView.swift in Sources */ = {isa = PBXBuildFile; fileRef = 5C72C32B2C0F527E00005914 /* ContentView.swift */; };
		5C72C32E2C0F528000005914 /* Assets.xcassets in Resources */ = {isa = PBXBuildFile; fileRef = 5C72C32D2C0F528000005914 /* Assets.xcassets */; };
		5C72C3312C0F528000005914 /* Preview Assets.xcassets in Resources */ = {isa = PBXBuildFile; fileRef = 5C72C3302C0F528000005914 /* Preview Assets.xcassets */; };
		5C72C33B2C0F528000005914 /* Hacker_NewsTests.swift in Sources */ = {isa = PBXBuildFile; fileRef = 5C72C33A2C0F528000005914 /* Hacker_NewsTests.swift */; };
		5C72C3452C0F528000005914 /* Hacker_NewsUITests.swift in Sources */ = {isa = PBXBuildFile; fileRef = 5C72C3442C0F528000005914 /* Hacker_NewsUITests.swift */; };
		5C72C3472C0F528000005914 /* Hacker_NewsUITestsLaunchTests.swift in Sources */ = {isa = PBXBuildFile; fileRef = 5C72C3462C0F528000005914 /* Hacker_NewsUITestsLaunchTests.swift */; };
		5C72C3552C0F584400005914 /* NetworkManager.swift in Sources */ = {isa = PBXBuildFile; fileRef = 5C72C3542C0F584400005914 /* NetworkManager.swift */; };
		5C72C3572C0F5BE800005914 /* HackerRankData.swift in Sources */ = {isa = PBXBuildFile; fileRef = 5C72C3562C0F5BE800005914 /* HackerRankData.swift */; };
		5C72C35A2C0F68A100005914 /* DetailView.swift in Sources */ = {isa = PBXBuildFile; fileRef = 5C72C3592C0F68A100005914 /* DetailView.swift */; };
		5C72C35C2C0F6BDE00005914 /* WebView.swift in Sources */ = {isa = PBXBuildFile; fileRef = 5C72C35B2C0F6BDE00005914 /* WebView.swift */; };
/* End PBXBuildFile section */

/* Begin PBXContainerItemProxy section */
		5C72C3372C0F528000005914 /* PBXContainerItemProxy */ = {
			isa = PBXContainerItemProxy;
			containerPortal = 5C72C31E2C0F527E00005914 /* Project object */;
			proxyType = 1;
			remoteGlobalIDString = 5C72C3252C0F527E00005914;
			remoteInfo = "Hacker News";
		};
		5C72C3412C0F528000005914 /* PBXContainerItemProxy */ = {
			isa = PBXContainerItemProxy;
			containerPortal = 5C72C31E2C0F527E00005914 /* Project object */;
			proxyType = 1;
			remoteGlobalIDString = 5C72C3252C0F527E00005914;
			remoteInfo = "Hacker News";
		};
/* End PBXContainerItemProxy section */

/* Begin PBXFileReference section */
		5C72C3262C0F527E00005914 /* Hacker News.app */ = {isa = PBXFileReference; explicitFileType = wrapper.application; includeInIndex = 0; path = "Hacker News.app"; sourceTree = BUILT_PRODUCTS_DIR; };
		5C72C3292C0F527E00005914 /* Hacker_NewsApp.swift */ = {isa = PBXFileReference; lastKnownFileType = sourcecode.swift; path = Hacker_NewsApp.swift; sourceTree = "<group>"; };
		5C72C32B2C0F527E00005914 /* ContentView.swift */ = {isa = PBXFileReference; lastKnownFileType = sourcecode.swift; path = ContentView.swift; sourceTree = "<group>"; };
		5C72C32D2C0F528000005914 /* Assets.xcassets */ = {isa = PBXFileReference; lastKnownFileType = folder.assetcatalog; path = Assets.xcassets; sourceTree = "<group>"; };
		5C72C3302C0F528000005914 /* Preview Assets.xcassets */ = {isa = PBXFileReference; lastKnownFileType = folder.assetcatalog; path = "Preview Assets.xcassets"; sourceTree = "<group>"; };
		5C72C3362C0F528000005914 /* Hacker NewsTests.xctest */ = {isa = PBXFileReference; explicitFileType = wrapper.cfbundle; includeInIndex = 0; path = "Hacker NewsTests.xctest"; sourceTree = BUILT_PRODUCTS_DIR; };
		5C72C33A2C0F528000005914 /* Hacker_NewsTests.swift */ = {isa = PBXFileReference; lastKnownFileType = sourcecode.swift; path = Hacker_NewsTests.swift; sourceTree = "<group>"; };
		5C72C3402C0F528000005914 /* Hacker NewsUITests.xctest */ = {isa = PBXFileReference; explicitFileType = wrapper.cfbundle; includeInIndex = 0; path = "Hacker NewsUITests.xctest"; sourceTree = BUILT_PRODUCTS_DIR; };
		5C72C3442C0F528000005914 /* Hacker_NewsUITests.swift */ = {isa = PBXFileReference; lastKnownFileType = sourcecode.swift; path = Hacker_NewsUITests.swift; sourceTree = "<group>"; };
		5C72C3462C0F528000005914 /* Hacker_NewsUITestsLaunchTests.swift */ = {isa = PBXFileReference; lastKnownFileType = sourcecode.swift; path = Hacker_NewsUITestsLaunchTests.swift; sourceTree = "<group>"; };
		5C72C3542C0F584400005914 /* NetworkManager.swift */ = {isa = PBXFileReference; lastKnownFileType = sourcecode.swift; path = NetworkManager.swift; sourceTree = "<group>"; };
		5C72C3562C0F5BE800005914 /* HackerRankData.swift */ = {isa = PBXFileReference; lastKnownFileType = sourcecode.swift; path = HackerRankData.swift; sourceTree = "<group>"; };
		5C72C3592C0F68A100005914 /* DetailView.swift */ = {isa = PBXFileReference; lastKnownFileType = sourcecode.swift; path = DetailView.swift; sourceTree = "<group>"; };
		5C72C35B2C0F6BDE00005914 /* WebView.swift */ = {isa = PBXFileReference; lastKnownFileType = sourcecode.swift; path = WebView.swift; sourceTree = "<group>"; };
/* End PBXFileReference section */

/* Begin PBXFrameworksBuildPhase section */
		5C72C3232C0F527E00005914 /* Frameworks */ = {
			isa = PBXFrameworksBuildPhase;
			buildActionMask = 2147483647;
			files = (
			);
			runOnlyForDeploymentPostprocessing = 0;
		};
		5C72C3332C0F528000005914 /* Frameworks */ = {
			isa = PBXFrameworksBuildPhase;
			buildActionMask = 2147483647;
			files = (
			);
			runOnlyForDeploymentPostprocessing = 0;
		};
		5C72C33D2C0F528000005914 /* Frameworks */ = {
			isa = PBXFrameworksBuildPhase;
			buildActionMask = 2147483647;
			files = (
			);
			runOnlyForDeploymentPostprocessing = 0;
		};
/* End PBXFrameworksBuildPhase section */

/* Begin PBXGroup section */
		5C72C31D2C0F527E00005914 = {
			isa = PBXGroup;
			children = (
				5C72C3282C0F527E00005914 /* Hacker News */,
				5C72C3392C0F528000005914 /* Hacker NewsTests */,
				5C72C3432C0F528000005914 /* Hacker NewsUITests */,
				5C72C3272C0F527E00005914 /* Products */,
			);
			sourceTree = "<group>";
		};
		5C72C3272C0F527E00005914 /* Products */ = {
			isa = PBXGroup;
			children = (
				5C72C3262C0F527E00005914 /* Hacker News.app */,
				5C72C3362C0F528000005914 /* Hacker NewsTests.xctest */,
				5C72C3402C0F528000005914 /* Hacker NewsUITests.xctest */,
			);
			name = Products;
			sourceTree = "<group>";
		};
		5C72C3282C0F527E00005914 /* Hacker News */ = {
			isa = PBXGroup;
			children = (
				5C72C3532C0F583000005914 /* Models */,
				5C72C3292C0F527E00005914 /* Hacker_NewsApp.swift */,
				5C72C3582C0F688500005914 /* Views */,
				5C72C32D2C0F528000005914 /* Assets.xcassets */,
				5C72C32F2C0F528000005914 /* Preview Content */,
			);
			path = "Hacker News";
			sourceTree = "<group>";
		};
		5C72C32F2C0F528000005914 /* Preview Content */ = {
			isa = PBXGroup;
			children = (
				5C72C3302C0F528000005914 /* Preview Assets.xcassets */,
			);
			path = "Preview Content";
			sourceTree = "<group>";
		};
		5C72C3392C0F528000005914 /* Hacker NewsTests */ = {
			isa = PBXGroup;
			children = (
				5C72C33A2C0F528000005914 /* Hacker_NewsTests.swift */,
			);
			path = "Hacker NewsTests";
			sourceTree = "<group>";
		};
		5C72C3432C0F528000005914 /* Hacker NewsUITests */ = {
			isa = PBXGroup;
			children = (
				5C72C3442C0F528000005914 /* Hacker_NewsUITests.swift */,
				5C72C3462C0F528000005914 /* Hacker_NewsUITestsLaunchTests.swift */,
			);
			path = "Hacker NewsUITests";
			sourceTree = "<group>";
		};
		5C72C3532C0F583000005914 /* Models */ = {
			isa = PBXGroup;
			children = (
				5C72C3542C0F584400005914 /* NetworkManager.swift */,
				5C72C3562C0F5BE800005914 /* HackerRankData.swift */,
				5C72C35B2C0F6BDE00005914 /* WebView.swift */,
			);
			path = Models;
			sourceTree = "<group>";
		};
		5C72C3582C0F688500005914 /* Views */ = {
			isa = PBXGroup;
			children = (
				5C72C32B2C0F527E00005914 /* ContentView.swift */,
				5C72C3592C0F68A100005914 /* DetailView.swift */,
			);
			path = Views;
			sourceTree = "<group>";
		};
/* End PBXGroup section */

/* Begin PBXNativeTarget section */
		5C72C3252C0F527E00005914 /* Hacker News */ = {
			isa = PBXNativeTarget;
			buildConfigurationList = 5C72C34A2C0F528000005914 /* Build configuration list for PBXNativeTarget "Hacker News" */;
			buildPhases = (
				5C72C3222C0F527E00005914 /* Sources */,
				5C72C3232C0F527E00005914 /* Frameworks */,
				5C72C3242C0F527E00005914 /* Resources */,
			);
			buildRules = (
			);
			dependencies = (
			);
			name = "Hacker News";
			productName = "Hacker News";
			productReference = 5C72C3262C0F527E00005914 /* Hacker News.app */;
			productType = "com.apple.product-type.application";
		};
		5C72C3352C0F528000005914 /* Hacker NewsTests */ = {
			isa = PBXNativeTarget;
			buildConfigurationList = 5C72C34D2C0F528000005914 /* Build configuration list for PBXNativeTarget "Hacker NewsTests" */;
			buildPhases = (
				5C72C3322C0F528000005914 /* Sources */,
				5C72C3332C0F528000005914 /* Frameworks */,
				5C72C3342C0F528000005914 /* Resources */,
			);
			buildRules = (
			);
			dependencies = (
				5C72C3382C0F528000005914 /* PBXTargetDependency */,
			);
			name = "Hacker NewsTests";
			productName = "Hacker NewsTests";
			productReference = 5C72C3362C0F528000005914 /* Hacker NewsTests.xctest */;
			productType = "com.apple.product-type.bundle.unit-test";
		};
		5C72C33F2C0F528000005914 /* Hacker NewsUITests */ = {
			isa = PBXNativeTarget;
			buildConfigurationList = 5C72C3502C0F528000005914 /* Build configuration list for PBXNativeTarget "Hacker NewsUITests" */;
			buildPhases = (
				5C72C33C2C0F528000005914 /* Sources */,
				5C72C33D2C0F528000005914 /* Frameworks */,
				5C72C33E2C0F528000005914 /* Resources */,
			);
			buildRules = (
			);
			dependencies = (
				5C72C3422C0F528000005914 /* PBXTargetDependency */,
			);
			name = "Hacker NewsUITests";
			productName = "Hacker NewsUITests";
			productReference = 5C72C3402C0F528000005914 /* Hacker NewsUITests.xctest */;
			productType = "com.apple.product-type.bundle.ui-testing";
		};
/* End PBXNativeTarget section */

/* Begin PBXProject section */
		5C72C31E2C0F527E00005914 /* Project object */ = {
			isa = PBXProject;
			attributes = {
				BuildIndependentTargetsInParallel = 1;
				LastSwiftUpdateCheck = 1510;
				LastUpgradeCheck = 1510;
				TargetAttributes = {
					5C72C3252C0F527E00005914 = {
						CreatedOnToolsVersion = 15.1;
					};
					5C72C3352C0F528000005914 = {
						CreatedOnToolsVersion = 15.1;
						TestTargetID = 5C72C3252C0F527E00005914;
					};
					5C72C33F2C0F528000005914 = {
						CreatedOnToolsVersion = 15.1;
						TestTargetID = 5C72C3252C0F527E00005914;
					};
				};
			};
			buildConfigurationList = 5C72C3212C0F527E00005914 /* Build configuration list for PBXProject "Hacker News" */;
			compatibilityVersion = "Xcode 14.0";
			developmentRegion = en;
			hasScannedForEncodings = 0;
			knownRegions = (
				en,
				Base,
			);
			mainGroup = 5C72C31D2C0F527E00005914;
			productRefGroup = 5C72C3272C0F527E00005914 /* Products */;
			projectDirPath = "";
			projectRoot = "";
			targets = (
				5C72C3252C0F527E00005914 /* Hacker News */,
				5C72C3352C0F528000005914 /* Hacker NewsTests */,
				5C72C33F2C0F528000005914 /* Hacker NewsUITests */,
			);
		};
/* End PBXProject section */

/* Begin PBXResourcesBuildPhase section */
		5C72C3242C0F527E00005914 /* Resources */ = {
			isa = PBXResourcesBuildPhase;
			buildActionMask = 2147483647;
			files = (
				5C72C3312C0F528000005914 /* Preview Assets.xcassets in Resources */,
				5C72C32E2C0F528000005914 /* Assets.xcassets in Resources */,
			);
			runOnlyForDeploymentPostprocessing = 0;
		};
		5C72C3342C0F528000005914 /* Resources */ = {
			isa = PBXResourcesBuildPhase;
			buildActionMask = 2147483647;
			files = (
			);
			runOnlyForDeploymentPostprocessing = 0;
		};
		5C72C33E2C0F528000005914 /* Resources */ = {
			isa = PBXResourcesBuildPhase;
			buildActionMask = 2147483647;
			files = (
			);
			runOnlyForDeploymentPostprocessing = 0;
		};
/* End PBXResourcesBuildPhase section */

/* Begin PBXSourcesBuildPhase section */
		5C72C3222C0F527E00005914 /* Sources */ = {
			isa = PBXSourcesBuildPhase;
			buildActionMask = 2147483647;
			files = (
				5C72C3572C0F5BE800005914 /* HackerRankData.swift in Sources */,
				5C72C3552C0F584400005914 /* NetworkManager.swift in Sources */,
				5C72C32C2C0F527E00005914 /* ContentView.swift in Sources */,
				5C72C35C2C0F6BDE00005914 /* WebView.swift in Sources */,
				5C72C35A2C0F68A100005914 /* DetailView.swift in Sources */,
				5C72C32A2C0F527E00005914 /* Hacker_NewsApp.swift in Sources */,
			);
			runOnlyForDeploymentPostprocessing = 0;
		};
		5C72C3322C0F528000005914 /* Sources */ = {
			isa = PBXSourcesBuildPhase;
			buildActionMask = 2147483647;
			files = (
				5C72C33B2C0F528000005914 /* Hacker_NewsTests.swift in Sources */,
			);
			runOnlyForDeploymentPostprocessing = 0;
		};
		5C72C33C2C0F528000005914 /* Sources */ = {
			isa = PBXSourcesBuildPhase;
			buildActionMask = 2147483647;
			files = (
				5C72C3452C0F528000005914 /* Hacker_NewsUITests.swift in Sources */,
				5C72C3472C0F528000005914 /* Hacker_NewsUITestsLaunchTests.swift in Sources */,
			);
			runOnlyForDeploymentPostprocessing = 0;
		};
/* End PBXSourcesBuildPhase section */

/* Begin PBXTargetDependency section */
		5C72C3382C0F528000005914 /* PBXTargetDependency */ = {
			isa = PBXTargetDependency;
			target = 5C72C3252C0F527E00005914 /* Hacker News */;
			targetProxy = 5C72C3372C0F528000005914 /* PBXContainerItemProxy */;
		};
		5C72C3422C0F528000005914 /* PBXTargetDependency */ = {
			isa = PBXTargetDependency;
			target = 5C72C3252C0F527E00005914 /* Hacker News */;
			targetProxy = 5C72C3412C0F528000005914 /* PBXContainerItemProxy */;
		};
/* End PBXTargetDependency section */

/* Begin XCBuildConfiguration section */
		5C72C3482C0F528000005914 /* Debug */ = {
			isa = XCBuildConfiguration;
			buildSettings = {
				ALWAYS_SEARCH_USER_PATHS = NO;
				ASSETCATALOG_COMPILER_GENERATE_SWIFT_ASSET_SYMBOL_EXTENSIONS = YES;
				CLANG_ANALYZER_NONNULL = YES;
				CLANG_ANALYZER_NUMBER_OBJECT_CONVERSION = YES_AGGRESSIVE;
				CLANG_CXX_LANGUAGE_STANDARD = "gnu++20";
				CLANG_ENABLE_MODULES = YES;
				CLANG_ENABLE_OBJC_ARC = YES;
				CLANG_ENABLE_OBJC_WEAK = YES;
				CLANG_WARN_BLOCK_CAPTURE_AUTORELEASING = YES;
				CLANG_WARN_BOOL_CONVERSION = YES;
				CLANG_WARN_COMMA = YES;
				CLANG_WARN_CONSTANT_CONVERSION = YES;
				CLANG_WARN_DEPRECATED_OBJC_IMPLEMENTATIONS = YES;
				CLANG_WARN_DIRECT_OBJC_ISA_USAGE = YES_ERROR;
				CLANG_WARN_DOCUMENTATION_COMMENTS = YES;
				CLANG_WARN_EMPTY_BODY = YES;
				CLANG_WARN_ENUM_CONVERSION = YES;
				CLANG_WARN_INFINITE_RECURSION = YES;
				CLANG_WARN_INT_CONVERSION = YES;
				CLANG_WARN_NON_LITERAL_NULL_CONVERSION = YES;
				CLANG_WARN_OBJC_IMPLICIT_RETAIN_SELF = YES;
				CLANG_WARN_OBJC_LITERAL_CONVERSION = YES;
				CLANG_WARN_OBJC_ROOT_CLASS = YES_ERROR;
				CLANG_WARN_QUOTED_INCLUDE_IN_FRAMEWORK_HEADER = YES;
				CLANG_WARN_RANGE_LOOP_ANALYSIS = YES;
				CLANG_WARN_STRICT_PROTOTYPES = YES;
				CLANG_WARN_SUSPICIOUS_MOVE = YES;
				CLANG_WARN_UNGUARDED_AVAILABILITY = YES_AGGRESSIVE;
				CLANG_WARN_UNREACHABLE_CODE = YES;
				CLANG_WARN__DUPLICATE_METHOD_MATCH = YES;
				COPY_PHASE_STRIP = NO;
				DEBUG_INFORMATION_FORMAT = dwarf;
				ENABLE_STRICT_OBJC_MSGSEND = YES;
				ENABLE_TESTABILITY = YES;
				ENABLE_USER_SCRIPT_SANDBOXING = YES;
				GCC_C_LANGUAGE_STANDARD = gnu17;
				GCC_DYNAMIC_NO_PIC = NO;
				GCC_NO_COMMON_BLOCKS = YES;
				GCC_OPTIMIZATION_LEVEL = 0;
				GCC_PREPROCESSOR_DEFINITIONS = (
					"DEBUG=1",
					"$(inherited)",
				);
				GCC_WARN_64_TO_32_BIT_CONVERSION = YES;
				GCC_WARN_ABOUT_RETURN_TYPE = YES_ERROR;
				GCC_WARN_UNDECLARED_SELECTOR = YES;
				GCC_WARN_UNINITIALIZED_AUTOS = YES_AGGRESSIVE;
				GCC_WARN_UNUSED_FUNCTION = YES;
				GCC_WARN_UNUSED_VARIABLE = YES;
				IPHONEOS_DEPLOYMENT_TARGET = 17.2;
				LOCALIZATION_PREFERS_STRING_CATALOGS = YES;
				MTL_ENABLE_DEBUG_INFO = INCLUDE_SOURCE;
				MTL_FAST_MATH = YES;
				ONLY_ACTIVE_ARCH = YES;
				SDKROOT = iphoneos;
				SWIFT_ACTIVE_COMPILATION_CONDITIONS = "DEBUG $(inherited)";
				SWIFT_OPTIMIZATION_LEVEL = "-Onone";
			};
			name = Debug;
		};
		5C72C3492C0F528000005914 /* Release */ = {
			isa = XCBuildConfiguration;
			buildSettings = {
				ALWAYS_SEARCH_USER_PATHS = NO;
				ASSETCATALOG_COMPILER_GENERATE_SWIFT_ASSET_SYMBOL_EXTENSIONS = YES;
				CLANG_ANALYZER_NONNULL = YES;
				CLANG_ANALYZER_NUMBER_OBJECT_CONVERSION = YES_AGGRESSIVE;
				CLANG_CXX_LANGUAGE_STANDARD = "gnu++20";
				CLANG_ENABLE_MODULES = YES;
				CLANG_ENABLE_OBJC_ARC = YES;
				CLANG_ENABLE_OBJC_WEAK = YES;
				CLANG_WARN_BLOCK_CAPTURE_AUTORELEASING = YES;
				CLANG_WARN_BOOL_CONVERSION = YES;
				CLANG_WARN_COMMA = YES;
				CLANG_WARN_CONSTANT_CONVERSION = YES;
				CLANG_WARN_DEPRECATED_OBJC_IMPLEMENTATIONS = YES;
				CLANG_WARN_DIRECT_OBJC_ISA_USAGE = YES_ERROR;
				CLANG_WARN_DOCUMENTATION_COMMENTS = YES;
				CLANG_WARN_EMPTY_BODY = YES;
				CLANG_WARN_ENUM_CONVERSION = YES;
				CLANG_WARN_INFINITE_RECURSION = YES;
				CLANG_WARN_INT_CONVERSION = YES;
				CLANG_WARN_NON_LITERAL_NULL_CONVERSION = YES;
				CLANG_WARN_OBJC_IMPLICIT_RETAIN_SELF = YES;
				CLANG_WARN_OBJC_LITERAL_CONVERSION = YES;
				CLANG_WARN_OBJC_ROOT_CLASS = YES_ERROR;
				CLANG_WARN_QUOTED_INCLUDE_IN_FRAMEWORK_HEADER = YES;
				CLANG_WARN_RANGE_LOOP_ANALYSIS = YES;
				CLANG_WARN_STRICT_PROTOTYPES = YES;
				CLANG_WARN_SUSPICIOUS_MOVE = YES;
				CLANG_WARN_UNGUARDED_AVAILABILITY = YES_AGGRESSIVE;
				CLANG_WARN_UNREACHABLE_CODE = YES;
				CLANG_WARN__DUPLICATE_METHOD_MATCH = YES;
				COPY_PHASE_STRIP = NO;
				DEBUG_INFORMATION_FORMAT = "dwarf-with-dsym";
				ENABLE_NS_ASSERTIONS = NO;
				ENABLE_STRICT_OBJC_MSGSEND = YES;
				ENABLE_USER_SCRIPT_SANDBOXING = YES;
				GCC_C_LANGUAGE_STANDARD = gnu17;
				GCC_NO_COMMON_BLOCKS = YES;
				GCC_WARN_64_TO_32_BIT_CONVERSION = YES;
				GCC_WARN_ABOUT_RETURN_TYPE = YES_ERROR;
				GCC_WARN_UNDECLARED_SELECTOR = YES;
				GCC_WARN_UNINITIALIZED_AUTOS = YES_AGGRESSIVE;
				GCC_WARN_UNUSED_FUNCTION = YES;
				GCC_WARN_UNUSED_VARIABLE = YES;
				IPHONEOS_DEPLOYMENT_TARGET = 17.2;
				LOCALIZATION_PREFERS_STRING_CATALOGS = YES;
				MTL_ENABLE_DEBUG_INFO = NO;
				MTL_FAST_MATH = YES;
				SDKROOT = iphoneos;
				SWIFT_COMPILATION_MODE = wholemodule;
				VALIDATE_PRODUCT = YES;
			};
			name = Release;
		};
		5C72C34B2C0F528000005914 /* Debug */ = {
			isa = XCBuildConfiguration;
			buildSettings = {
				ASSETCATALOG_COMPILER_APPICON_NAME = AppIcon;
				ASSETCATALOG_COMPILER_GLOBAL_ACCENT_COLOR_NAME = AccentColor;
				CODE_SIGN_STYLE = Automatic;
				CURRENT_PROJECT_VERSION = 1;
				DEVELOPMENT_ASSET_PATHS = "\"Hacker News/Preview Content\"";
				DEVELOPMENT_TEAM = RQB2332XHJ;
				ENABLE_PREVIEWS = YES;
				GENERATE_INFOPLIST_FILE = YES;
				INFOPLIST_KEY_UIApplicationSceneManifest_Generation = YES;
				INFOPLIST_KEY_UIApplicationSupportsIndirectInputEvents = YES;
				INFOPLIST_KEY_UILaunchScreen_Generation = YES;
				INFOPLIST_KEY_UISupportedInterfaceOrientations_iPad = "UIInterfaceOrientationPortrait UIInterfaceOrientationPortraitUpsideDown UIInterfaceOrientationLandscapeLeft UIInterfaceOrientationLandscapeRight";
				INFOPLIST_KEY_UISupportedInterfaceOrientations_iPhone = "UIInterfaceOrientationPortrait UIInterfaceOrientationLandscapeLeft UIInterfaceOrientationLandscapeRight";
				LD_RUNPATH_SEARCH_PATHS = (
					"$(inherited)",
					"@executable_path/Frameworks",
				);
				MARKETING_VERSION = 1.0;
				PRODUCT_BUNDLE_IDENTIFIER = "com.jaiswal.Hacker-News";
				PRODUCT_NAME = "$(TARGET_NAME)";
				SWIFT_EMIT_LOC_STRINGS = YES;
				SWIFT_VERSION = 5.0;
				TARGETED_DEVICE_FAMILY = "1,2";
			};
			name = Debug;
		};
		5C72C34C2C0F528000005914 /* Release */ = {
			isa = XCBuildConfiguration;
			buildSettings = {
				ASSETCATALOG_COMPILER_APPICON_NAME = AppIcon;
				ASSETCATALOG_COMPILER_GLOBAL_ACCENT_COLOR_NAME = AccentColor;
				CODE_SIGN_STYLE = Automatic;
				CURRENT_PROJECT_VERSION = 1;
				DEVELOPMENT_ASSET_PATHS = "\"Hacker News/Preview Content\"";
				DEVELOPMENT_TEAM = RQB2332XHJ;
				ENABLE_PREVIEWS = YES;
				GENERATE_INFOPLIST_FILE = YES;
				INFOPLIST_KEY_UIApplicationSceneManifest_Generation = YES;
				INFOPLIST_KEY_UIApplicationSupportsIndirectInputEvents = YES;
				INFOPLIST_KEY_UILaunchScreen_Generation = YES;
				INFOPLIST_KEY_UISupportedInterfaceOrientations_iPad = "UIInterfaceOrientationPortrait UIInterfaceOrientationPortraitUpsideDown UIInterfaceOrientationLandscapeLeft UIInterfaceOrientationLandscapeRight";
				INFOPLIST_KEY_UISupportedInterfaceOrientations_iPhone = "UIInterfaceOrientationPortrait UIInterfaceOrientationLandscapeLeft UIInterfaceOrientationLandscapeRight";
				LD_RUNPATH_SEARCH_PATHS = (
					"$(inherited)",
					"@executable_path/Frameworks",
				);
				MARKETING_VERSION = 1.0;
				PRODUCT_BUNDLE_IDENTIFIER = "com.jaiswal.Hacker-News";
				PRODUCT_NAME = "$(TARGET_NAME)";
				SWIFT_EMIT_LOC_STRINGS = YES;
				SWIFT_VERSION = 5.0;
				TARGETED_DEVICE_FAMILY = "1,2";
			};
			name = Release;
		};
		5C72C34E2C0F528000005914 /* Debug */ = {
			isa = XCBuildConfiguration;
			buildSettings = {
				ALWAYS_EMBED_SWIFT_STANDARD_LIBRARIES = YES;
				BUNDLE_LOADER = "$(TEST_HOST)";
				CODE_SIGN_STYLE = Automatic;
				CURRENT_PROJECT_VERSION = 1;
				DEVELOPMENT_TEAM = RQB2332XHJ;
				GENERATE_INFOPLIST_FILE = YES;
				IPHONEOS_DEPLOYMENT_TARGET = 17.2;
				MARKETING_VERSION = 1.0;
				PRODUCT_BUNDLE_IDENTIFIER = "com.jaiswal.Hacker-NewsTests";
				PRODUCT_NAME = "$(TARGET_NAME)";
				SWIFT_EMIT_LOC_STRINGS = NO;
				SWIFT_VERSION = 5.0;
				TARGETED_DEVICE_FAMILY = "1,2";
				TEST_HOST = "$(BUILT_PRODUCTS_DIR)/Hacker News.app/$(BUNDLE_EXECUTABLE_FOLDER_PATH)/Hacker News";
			};
			name = Debug;
		};
		5C72C34F2C0F528000005914 /* Release */ = {
			isa = XCBuildConfiguration;
			buildSettings = {
				ALWAYS_EMBED_SWIFT_STANDARD_LIBRARIES = YES;
				BUNDLE_LOADER = "$(TEST_HOST)";
				CODE_SIGN_STYLE = Automatic;
				CURRENT_PROJECT_VERSION = 1;
				DEVELOPMENT_TEAM = RQB2332XHJ;
				GENERATE_INFOPLIST_FILE = YES;
				IPHONEOS_DEPLOYMENT_TARGET = 17.2;
				MARKETING_VERSION = 1.0;
				PRODUCT_BUNDLE_IDENTIFIER = "com.jaiswal.Hacker-NewsTests";
				PRODUCT_NAME = "$(TARGET_NAME)";
				SWIFT_EMIT_LOC_STRINGS = NO;
				SWIFT_VERSION = 5.0;
				TARGETED_DEVICE_FAMILY = "1,2";
				TEST_HOST = "$(BUILT_PRODUCTS_DIR)/Hacker News.app/$(BUNDLE_EXECUTABLE_FOLDER_PATH)/Hacker News";
			};
			name = Release;
		};
		5C72C3512C0F528000005914 /* Debug */ = {
			isa = XCBuildConfiguration;
			buildSettings = {
				ALWAYS_EMBED_SWIFT_STANDARD_LIBRARIES = YES;
				CODE_SIGN_STYLE = Automatic;
				CURRENT_PROJECT_VERSION = 1;
				DEVELOPMENT_TEAM = RQB2332XHJ;
				GENERATE_INFOPLIST_FILE = YES;
				MARKETING_VERSION = 1.0;
				PRODUCT_BUNDLE_IDENTIFIER = "com.jaiswal.Hacker-NewsUITests";
				PRODUCT_NAME = "$(TARGET_NAME)";
				SWIFT_EMIT_LOC_STRINGS = NO;
				SWIFT_VERSION = 5.0;
				TARGETED_DEVICE_FAMILY = "1,2";
				TEST_TARGET_NAME = "Hacker News";
			};
			name = Debug;
		};
		5C72C3522C0F528000005914 /* Release */ = {
			isa = XCBuildConfiguration;
			buildSettings = {
				ALWAYS_EMBED_SWIFT_STANDARD_LIBRARIES = YES;
				CODE_SIGN_STYLE = Automatic;
				CURRENT_PROJECT_VERSION = 1;
				DEVELOPMENT_TEAM = RQB2332XHJ;
				GENERATE_INFOPLIST_FILE = YES;
				MARKETING_VERSION = 1.0;
				PRODUCT_BUNDLE_IDENTIFIER = "com.jaiswal.Hacker-NewsUITests";
				PRODUCT_NAME = "$(TARGET_NAME)";
				SWIFT_EMIT_LOC_STRINGS = NO;
				SWIFT_VERSION = 5.0;
				TARGETED_DEVICE_FAMILY = "1,2";
				TEST_TARGET_NAME = "Hacker News";
			};
			name = Release;
		};
/* End XCBuildConfiguration section */

/* Begin XCConfigurationList section */
		5C72C3212C0F527E00005914 /* Build configuration list for PBXProject "Hacker News" */ = {
			isa = XCConfigurationList;
			buildConfigurations = (
				5C72C3482C0F528000005914 /* Debug */,
				5C72C3492C0F528000005914 /* Release */,
			);
			defaultConfigurationIsVisible = 0;
			defaultConfigurationName = Release;
		};
		5C72C34A2C0F528000005914 /* Build configuration list for PBXNativeTarget "Hacker News" */ = {
			isa = XCConfigurationList;
			buildConfigurations = (
				5C72C34B2C0F528000005914 /* Debug */,
				5C72C34C2C0F528000005914 /* Release */,
			);
			defaultConfigurationIsVisible = 0;
			defaultConfigurationName = Release;
		};
		5C72C34D2C0F528000005914 /* Build configuration list for PBXNativeTarget "Hacker NewsTests" */ = {
			isa = XCConfigurationList;
			buildConfigurations = (
				5C72C34E2C0F528000005914 /* Debug */,
				5C72C34F2C0F528000005914 /* Release */,
			);
			defaultConfigurationIsVisible = 0;
			defaultConfigurationName = Release;
		};
		5C72C3502C0F528000005914 /* Build configuration list for PBXNativeTarget "Hacker NewsUITests" */ = {
			isa = XCConfigurationList;
			buildConfigurations = (
				5C72C3512C0F528000005914 /* Debug */,
				5C72C3522C0F528000005914 /* Release */,
			);
			defaultConfigurationIsVisible = 0;
			defaultConfigurationName = Release;
		};
/* End XCConfigurationList section */
	};
	rootObject = 5C72C31E2C0F527E00005914 /* Project object */;
}
